
Microsoft Visual Studio Solution File, Format Version 12.00
# Visual Studio Version 16
VisualStudioVersion = 16.0.29709.97
MinimumVisualStudioVersion = 10.0.40219.1
Project("{FAE04EC0-301F-11D3-BF4B-00C04F79EFBC}") = "lulw", "lulw\lulw.csproj", "{C08F87C7-D6C0-4BAA-B9E8-9268A97B5CAD}"
EndProject
Global
	GlobalSection(SolutionConfigurationPlatforms) = preSolution
		Debug|Any CPU = Debug|Any CPU
		Release|Any CPU = Release|Any CPU
	EndGlobalSection
	GlobalSection(ProjectConfigurationPlatforms) = postSolution
		{C08F87C7-D6C0-4BAA-B9E8-9268A97B5CAD}.Debug|Any CPU.ActiveCfg = Debug|Any CPU
		{C08F87C7-D6C0-4BAA-B9E8-9268A97B5CAD}.Debug|Any CPU.Build.0 = Debug|Any CPU
		{C08F87C7-D6C0-4BAA-B9E8-9268A97B5CAD}.Release|Any CPU.ActiveCfg = Release|Any CPU
		{C08F87C7-D6C0-4BAA-B9E8-9268A97B5CAD}.Release|Any CPU.Build.0 = Release|Any CPU
	EndGlobalSection
	GlobalSection(SolutionProperties) = preSolution
		HideSolutionNode = FALSE
	EndGlobalSection
	GlobalSection(ExtensibilityGlobals) = postSolution
		SolutionGuid = {5566C7AF-BB9B-4D6F-B964-3F660A422E18}
	EndGlobalSection
EndGlobal
